
Microsoft Visual Studio Solution File, Format Version 12.00
# Visual Studio Version 17
VisualStudioVersion = 17.14.36908.2 d17.14
MinimumVisualStudioVersion = 10.0.40219.1
Project("{F184B08F-C81C-45F6-A57F-5ABD9991F28F}") = "WindowsApp1", "WindowsApp1\WindowsApp1.vbproj", "{66331FA8-26BB-4BA2-8731-B97155BF868B}"
EndProject
Project("{F184B08F-C81C-45F6-A57F-5ABD9991F28F}") = "WindowsApp2", "WindowsApp2\WindowsApp2.vbproj", "{1488FB39-4127-41AA-B04B-EC2F95AFD999}"
EndProject
Global
	GlobalSection(SolutionConfigurationPlatforms) = preSolution
		Debug|Any CPU = Debug|Any CPU
		Release|Any CPU = Release|Any CPU
	EndGlobalSection
	GlobalSection(ProjectConfigurationPlatforms) = postSolution
		{66331FA8-26BB-4BA2-8731-B97155BF868B}.Debug|Any CPU.ActiveCfg = Debug|Any CPU
		{66331FA8-26BB-4BA2-8731-B97155BF868B}.Debug|Any CPU.Build.0 = Debug|Any CPU
		{66331FA8-26BB-4BA2-8731-B97155BF868B}.Release|Any CPU.ActiveCfg = Release|Any CPU
		{66331FA8-26BB-4BA2-8731-B97155BF868B}.Release|Any CPU.Build.0 = Release|Any CPU
		{1488FB39-4127-41AA-B04B-EC2F95AFD999}.Debug|Any CPU.ActiveCfg = Debug|Any CPU
		{1488FB39-4127-41AA-B04B-EC2F95AFD999}.Debug|Any CPU.Build.0 = Debug|Any CPU
		{1488FB39-4127-41AA-B04B-EC2F95AFD999}.Release|Any CPU.ActiveCfg = Release|Any CPU
		{1488FB39-4127-41AA-B04B-EC2F95AFD999}.Release|Any CPU.Build.0 = Release|Any CPU
	EndGlobalSection
	GlobalSection(SolutionProperties) = preSolution
		HideSolutionNode = FALSE
	EndGlobalSection
	GlobalSection(ExtensibilityGlobals) = postSolution
		SolutionGuid = {8AA0A74C-508E-4433-A4E0-96C29975B269}
	EndGlobalSection
EndGlobal
